
Microsoft Visual Studio Solution File, Format Version 12.00
# Visual Studio Version 16
VisualStudioVersion = 16.0.32106.194
MinimumVisualStudioVersion = 10.0.40219.1
Project("{FAE04EC0-301F-11D3-BF4B-00C04F79EFBC}") = "ChatGptAPI", "ChatGptAPI\ChatGptAPI.csproj", "{0F6346D7-17BD-4DFE-A072-966CF4DE01DF}"
EndProject
Global
	GlobalSection(SolutionConfigurationPlatforms) = preSolution
		Debug|Any CPU = Debug|Any CPU
		Release|Any CPU = Release|Any CPU
	EndGlobalSection
	GlobalSection(ProjectConfigurationPlatforms) = postSolution
		{0F6346D7-17BD-4DFE-A072-966CF4DE01DF}.Debug|Any CPU.ActiveCfg = Debug|Any CPU
		{0F6346D7-17BD-4DFE-A072-966CF4DE01DF}.Debug|Any CPU.Build.0 = Debug|Any CPU
		{0F6346D7-17BD-4DFE-A072-966CF4DE01DF}.Release|Any CPU.ActiveCfg = Release|Any CPU
		{0F6346D7-17BD-4DFE-A072-966CF4DE01DF}.Release|Any CPU.Build.0 = Release|Any CPU
	EndGlobalSection
	GlobalSection(SolutionProperties) = preSolution
		HideSolutionNode = FALSE
	EndGlobalSection
	GlobalSection(ExtensibilityGlobals) = postSolution
		SolutionGuid = {E931FA57-43EB-4420-9FA2-A2CD3D5C5CF1}
	EndGlobalSection
EndGlobal
